
Microsoft Visual Studio Solution File, Format Version 12.00
# Visual Studio Version 17
VisualStudioVersion = 17.4.33205.214
MinimumVisualStudioVersion = 10.0.40219.1
Project("{FAE04EC0-301F-11D3-BF4B-00C04F79EFBC}") = "CSPractice1", "CSPractice1\CSPractice1.csproj", "{4E17593A-67F4-4673-8FA3-E4588F1C5D54}"
EndProject
Global
	GlobalSection(SolutionConfigurationPlatforms) = preSolution
		Debug|Any CPU = Debug|Any CPU
		Release|Any CPU = Release|Any CPU
	EndGlobalSection
	GlobalSection(ProjectConfigurationPlatforms) = postSolution
		{4E17593A-67F4-4673-8FA3-E4588F1C5D54}.Debug|Any CPU.ActiveCfg = Debug|Any CPU
		{4E17593A-67F4-4673-8FA3-E4588F1C5D54}.Debug|Any CPU.Build.0 = Debug|Any CPU
		{4E17593A-67F4-4673-8FA3-E4588F1C5D54}.Release|Any CPU.ActiveCfg = Release|Any CPU
		{4E17593A-67F4-4673-8FA3-E4588F1C5D54}.Release|Any CPU.Build.0 = Release|Any CPU
	EndGlobalSection
	GlobalSection(SolutionProperties) = preSolution
		HideSolutionNode = FALSE
	EndGlobalSection
	GlobalSection(ExtensibilityGlobals) = postSolution
		SolutionGuid = {FC08C35B-DEC6-4E47-81C4-E4A35E69CE3B}
	EndGlobalSection
EndGlobal
